
Microsoft Visual Studio Solution File, Format Version 12.00
# Visual Studio Version 16
VisualStudioVersion = 16.0.31313.79
MinimumVisualStudioVersion = 10.0.40219.1
Project("{FAE04EC0-301F-11D3-BF4B-00C04F79EFBC}") = "webapi", "webapi.csproj", "{81D23AEB-4753-4584-B223-A3789A06E623}"
EndProject
Global
	GlobalSection(SolutionConfigurationPlatforms) = preSolution
		Debug|Any CPU = Debug|Any CPU
		Release|Any CPU = Release|Any CPU
	EndGlobalSection
	GlobalSection(ProjectConfigurationPlatforms) = postSolution
		{81D23AEB-4753-4584-B223-A3789A06E623}.Debug|Any CPU.ActiveCfg = Debug|Any CPU
		{81D23AEB-4753-4584-B223-A3789A06E623}.Debug|Any CPU.Build.0 = Debug|Any CPU
		{81D23AEB-4753-4584-B223-A3789A06E623}.Release|Any CPU.ActiveCfg = Release|Any CPU
		{81D23AEB-4753-4584-B223-A3789A06E623}.Release|Any CPU.Build.0 = Release|Any CPU
	EndGlobalSection
	GlobalSection(SolutionProperties) = preSolution
		HideSolutionNode = FALSE
	EndGlobalSection
	GlobalSection(ExtensibilityGlobals) = postSolution
		SolutionGuid = {AF23ED94-BFF7-4190-A09C-AA6E1302A3F8}
	EndGlobalSection
EndGlobal
