
Microsoft Visual Studio Solution File, Format Version 12.00
# Visual Studio Version 16
VisualStudioVersion = 16.0.31313.79
MinimumVisualStudioVersion = 10.0.40219.1
Project("{9A19103F-16F7-4668-BE54-9A1E7A4F7556}") = "try-catch", "try-catch.csproj", "{906A4BE5-1B87-480F-86F4-AAD8D83A33F7}"
EndProject
Project("{FAE04EC0-301F-11D3-BF4B-00C04F79EFBC}") = "diziler", "..\..\diziler\diziler.csproj", "{94291C76-F5AB-4326-8D1D-3AFB8AD5B031}"
EndProject
Global
	GlobalSection(SolutionConfigurationPlatforms) = preSolution
		Debug|Any CPU = Debug|Any CPU
		Release|Any CPU = Release|Any CPU
	EndGlobalSection
	GlobalSection(ProjectConfigurationPlatforms) = postSolution
		{906A4BE5-1B87-480F-86F4-AAD8D83A33F7}.Debug|Any CPU.ActiveCfg = Debug|Any CPU
		{906A4BE5-1B87-480F-86F4-AAD8D83A33F7}.Debug|Any CPU.Build.0 = Debug|Any CPU
		{906A4BE5-1B87-480F-86F4-AAD8D83A33F7}.Release|Any CPU.ActiveCfg = Release|Any CPU
		{906A4BE5-1B87-480F-86F4-AAD8D83A33F7}.Release|Any CPU.Build.0 = Release|Any CPU
		{94291C76-F5AB-4326-8D1D-3AFB8AD5B031}.Debug|Any CPU.ActiveCfg = Debug|Any CPU
		{94291C76-F5AB-4326-8D1D-3AFB8AD5B031}.Debug|Any CPU.Build.0 = Debug|Any CPU
		{94291C76-F5AB-4326-8D1D-3AFB8AD5B031}.Release|Any CPU.ActiveCfg = Release|Any CPU
		{94291C76-F5AB-4326-8D1D-3AFB8AD5B031}.Release|Any CPU.Build.0 = Release|Any CPU
	EndGlobalSection
	GlobalSection(SolutionProperties) = preSolution
		HideSolutionNode = FALSE
	EndGlobalSection
	GlobalSection(ExtensibilityGlobals) = postSolution
		SolutionGuid = {3FC7BD8E-879B-466F-8ADB-E2A7896E6D57}
	EndGlobalSection
EndGlobal
