
Microsoft Visual Studio Solution File, Format Version 12.00
# Visual Studio Version 16
VisualStudioVersion = 16.0.31313.79
MinimumVisualStudioVersion = 10.0.40219.1
Project("{FAE04EC0-301F-11D3-BF4B-00C04F79EFBC}") = "Listeler", "Listeler.csproj", "{D36BAEEC-E994-4289-A2A2-0C35838E0123}"
EndProject
Global
	GlobalSection(SolutionConfigurationPlatforms) = preSolution
		Debug|Any CPU = Debug|Any CPU
		Release|Any CPU = Release|Any CPU
	EndGlobalSection
	GlobalSection(ProjectConfigurationPlatforms) = postSolution
		{D36BAEEC-E994-4289-A2A2-0C35838E0123}.Debug|Any CPU.ActiveCfg = Debug|Any CPU
		{D36BAEEC-E994-4289-A2A2-0C35838E0123}.Debug|Any CPU.Build.0 = Debug|Any CPU
		{D36BAEEC-E994-4289-A2A2-0C35838E0123}.Release|Any CPU.ActiveCfg = Release|Any CPU
		{D36BAEEC-E994-4289-A2A2-0C35838E0123}.Release|Any CPU.Build.0 = Release|Any CPU
	EndGlobalSection
	GlobalSection(SolutionProperties) = preSolution
		HideSolutionNode = FALSE
	EndGlobalSection
	GlobalSection(ExtensibilityGlobals) = postSolution
		SolutionGuid = {FB937A35-ABD2-4A44-A57A-E15A1D6E525D}
	EndGlobalSection
EndGlobal
