
Microsoft Visual Studio Solution File, Format Version 12.00
# Visual Studio Version 16
VisualStudioVersion = 16.0.31313.79
MinimumVisualStudioVersion = 10.0.40219.1
Project("{FAE04EC0-301F-11D3-BF4B-00C04F79EFBC}") = "FunnyExtension", "FunnyExtension.csproj", "{F48834D0-BCE5-4159-94C6-7534D903D691}"
EndProject
Global
	GlobalSection(SolutionConfigurationPlatforms) = preSolution
		Debug|Any CPU = Debug|Any CPU
		Release|Any CPU = Release|Any CPU
	EndGlobalSection
	GlobalSection(ProjectConfigurationPlatforms) = postSolution
		{F48834D0-BCE5-4159-94C6-7534D903D691}.Debug|Any CPU.ActiveCfg = Debug|Any CPU
		{F48834D0-BCE5-4159-94C6-7534D903D691}.Debug|Any CPU.Build.0 = Debug|Any CPU
		{F48834D0-BCE5-4159-94C6-7534D903D691}.Release|Any CPU.ActiveCfg = Release|Any CPU
		{F48834D0-BCE5-4159-94C6-7534D903D691}.Release|Any CPU.Build.0 = Release|Any CPU
	EndGlobalSection
	GlobalSection(SolutionProperties) = preSolution
		HideSolutionNode = FALSE
	EndGlobalSection
	GlobalSection(ExtensibilityGlobals) = postSolution
		SolutionGuid = {4EA3B8D1-3348-41CA-A0BF-FBE15B589319}
	EndGlobalSection
EndGlobal
